
Microsoft Visual Studio Solution File, Format Version 12.00
# Visual Studio Version 17
VisualStudioVersion = 17.6.33723.286
MinimumVisualStudioVersion = 10.0.40219.1
Project("{9A19103F-16F7-4668-BE54-9A1E7A4F7556}") = "Clinic.UI.Data", "Clinic.UI.Data\Clinic.UI.Data.csproj", "{9CCA6BD9-2A8C-4179-BE90-3A0B5207C2F1}"
EndProject
Project("{9A19103F-16F7-4668-BE54-9A1E7A4F7556}") = "Clinic.UI.Services", "Clinic.UI.Services\Clinic.UI.Services.csproj", "{C92EF823-1395-4AAC-965E-9B6076FB2338}"
EndProject
Project("{9A19103F-16F7-4668-BE54-9A1E7A4F7556}") = "Clinic.UI.Api", "Clinic.UI.Api\Clinic.UI.Api.csproj", "{9E5AE0F0-658E-4E6C-8142-F7CD3537A19D}"
EndProject
Global
	GlobalSection(SolutionConfigurationPlatforms) = preSolution
		Debug|Any CPU = Debug|Any CPU
		Release|Any CPU = Release|Any CPU
	EndGlobalSection
	GlobalSection(ProjectConfigurationPlatforms) = postSolution
		{9CCA6BD9-2A8C-4179-BE90-3A0B5207C2F1}.Debug|Any CPU.ActiveCfg = Debug|Any CPU
		{9CCA6BD9-2A8C-4179-BE90-3A0B5207C2F1}.Debug|Any CPU.Build.0 = Debug|Any CPU
		{9CCA6BD9-2A8C-4179-BE90-3A0B5207C2F1}.Release|Any CPU.ActiveCfg = Release|Any CPU
		{9CCA6BD9-2A8C-4179-BE90-3A0B5207C2F1}.Release|Any CPU.Build.0 = Release|Any CPU
		{C92EF823-1395-4AAC-965E-9B6076FB2338}.Debug|Any CPU.ActiveCfg = Debug|Any CPU
		{C92EF823-1395-4AAC-965E-9B6076FB2338}.Debug|Any CPU.Build.0 = Debug|Any CPU
		{C92EF823-1395-4AAC-965E-9B6076FB2338}.Release|Any CPU.ActiveCfg = Release|Any CPU
		{C92EF823-1395-4AAC-965E-9B6076FB2338}.Release|Any CPU.Build.0 = Release|Any CPU
		{9E5AE0F0-658E-4E6C-8142-F7CD3537A19D}.Debug|Any CPU.ActiveCfg = Debug|Any CPU
		{9E5AE0F0-658E-4E6C-8142-F7CD3537A19D}.Debug|Any CPU.Build.0 = Debug|Any CPU
		{9E5AE0F0-658E-4E6C-8142-F7CD3537A19D}.Release|Any CPU.ActiveCfg = Release|Any CPU
		{9E5AE0F0-658E-4E6C-8142-F7CD3537A19D}.Release|Any CPU.Build.0 = Release|Any CPU
	EndGlobalSection
	GlobalSection(SolutionProperties) = preSolution
		HideSolutionNode = FALSE
	EndGlobalSection
	GlobalSection(ExtensibilityGlobals) = postSolution
		SolutionGuid = {2830A466-9579-4C39-A5CB-707021EDC5BB}
	EndGlobalSection
EndGlobal
